
Microsoft Visual Studio Solution File, Format Version 12.00
# Visual Studio Version 16
VisualStudioVersion = 16.0.29201.188
MinimumVisualStudioVersion = 10.0.40219.1
Project("{9A19103F-16F7-4668-BE54-9A1E7A4F7556}") = "a5pwt_ctvrtek", "a5pwt_ctvrtek\a5pwt_ctvrtek.csproj", "{436A53AB-4373-447C-97B5-3F0B5E5EC0DA}"
EndProject
Project("{9A19103F-16F7-4668-BE54-9A1E7A4F7556}") = "a5pwt_ctvrtek.Application", "a5pwt_ctvrtek.Application\a5pwt_ctvrtek.Application.csproj", "{ACD6EF20-94F6-4E7B-AFE5-5ED792CB9385}"
EndProject
Project("{9A19103F-16F7-4668-BE54-9A1E7A4F7556}") = "a5pwt_ctvrtek.Domain", "a5pwt_ctvrtek.Domain\a5pwt_ctvrtek.Domain.csproj", "{4BEC4AF2-4CD3-4E10-9E49-B65523F0BEF8}"
EndProject
Project("{9A19103F-16F7-4668-BE54-9A1E7A4F7556}") = "a5pwt_ctvrtek.Infrastructure", "a5pwt_ctvrtek.Infrastructure\a5pwt_ctvrtek.Infrastructure.csproj", "{60C3E8C1-2960-478F-900B-6C393376ACE5}"
EndProject
Project("{2150E333-8FDC-42A3-9474-1A3956D46DE8}") = "Tests", "Tests", "{7E78D041-83ED-43E1-9A20-5F37F41B4E81}"
EndProject
Project("{FAE04EC0-301F-11D3-BF4B-00C04F79EFBC}") = "a5pwt_ctvrtek.Application.Tests", "a5pwt_ctvrtek.Application.Tests\a5pwt_ctvrtek.Application.Tests.csproj", "{8A72788B-7EC2-49B2-B418-F6F1885CA0AF}"
EndProject
Global
	GlobalSection(SolutionConfigurationPlatforms) = preSolution
		Debug|Any CPU = Debug|Any CPU
		Release|Any CPU = Release|Any CPU
	EndGlobalSection
	GlobalSection(ProjectConfigurationPlatforms) = postSolution
		{436A53AB-4373-447C-97B5-3F0B5E5EC0DA}.Debug|Any CPU.ActiveCfg = Debug|Any CPU
		{436A53AB-4373-447C-97B5-3F0B5E5EC0DA}.Debug|Any CPU.Build.0 = Debug|Any CPU
		{436A53AB-4373-447C-97B5-3F0B5E5EC0DA}.Release|Any CPU.ActiveCfg = Release|Any CPU
		{436A53AB-4373-447C-97B5-3F0B5E5EC0DA}.Release|Any CPU.Build.0 = Release|Any CPU
		{ACD6EF20-94F6-4E7B-AFE5-5ED792CB9385}.Debug|Any CPU.ActiveCfg = Debug|Any CPU
		{ACD6EF20-94F6-4E7B-AFE5-5ED792CB9385}.Debug|Any CPU.Build.0 = Debug|Any CPU
		{ACD6EF20-94F6-4E7B-AFE5-5ED792CB9385}.Release|Any CPU.ActiveCfg = Release|Any CPU
		{ACD6EF20-94F6-4E7B-AFE5-5ED792CB9385}.Release|Any CPU.Build.0 = Release|Any CPU
		{4BEC4AF2-4CD3-4E10-9E49-B65523F0BEF8}.Debug|Any CPU.ActiveCfg = Debug|Any CPU
		{4BEC4AF2-4CD3-4E10-9E49-B65523F0BEF8}.Debug|Any CPU.Build.0 = Debug|Any CPU
		{4BEC4AF2-4CD3-4E10-9E49-B65523F0BEF8}.Release|Any CPU.ActiveCfg = Release|Any CPU
		{4BEC4AF2-4CD3-4E10-9E49-B65523F0BEF8}.Release|Any CPU.Build.0 = Release|Any CPU
		{60C3E8C1-2960-478F-900B-6C393376ACE5}.Debug|Any CPU.ActiveCfg = Debug|Any CPU
		{60C3E8C1-2960-478F-900B-6C393376ACE5}.Debug|Any CPU.Build.0 = Debug|Any CPU
		{60C3E8C1-2960-478F-900B-6C393376ACE5}.Release|Any CPU.ActiveCfg = Release|Any CPU
		{60C3E8C1-2960-478F-900B-6C393376ACE5}.Release|Any CPU.Build.0 = Release|Any CPU
		{8A72788B-7EC2-49B2-B418-F6F1885CA0AF}.Debug|Any CPU.ActiveCfg = Debug|Any CPU
		{8A72788B-7EC2-49B2-B418-F6F1885CA0AF}.Debug|Any CPU.Build.0 = Debug|Any CPU
		{8A72788B-7EC2-49B2-B418-F6F1885CA0AF}.Release|Any CPU.ActiveCfg = Release|Any CPU
		{8A72788B-7EC2-49B2-B418-F6F1885CA0AF}.Release|Any CPU.Build.0 = Release|Any CPU
	EndGlobalSection
	GlobalSection(SolutionProperties) = preSolution
		HideSolutionNode = FALSE
	EndGlobalSection
	GlobalSection(NestedProjects) = preSolution
		{8A72788B-7EC2-49B2-B418-F6F1885CA0AF} = {7E78D041-83ED-43E1-9A20-5F37F41B4E81}
	EndGlobalSection
	GlobalSection(ExtensibilityGlobals) = postSolution
		SolutionGuid = {F285654E-6741-4A1D-9D8F-2160AF8A2907}
	EndGlobalSection
EndGlobal
